
Microsoft Visual Studio Solution File, Format Version 12.00
# Visual Studio Version 17
VisualStudioVersion = 17.9.34616.47
MinimumVisualStudioVersion = 10.0.40219.1
Project("{FAE04EC0-301F-11D3-BF4B-00C04F79EFBC}") = "WpfApp1", "WpfApp1\WpfApp1.csproj", "{4E8E8082-1ADE-4DBA-A151-5C12C2291A02}"
EndProject
Global
	GlobalSection(SolutionConfigurationPlatforms) = preSolution
		Debug|Any CPU = Debug|Any CPU
		Release|Any CPU = Release|Any CPU
	EndGlobalSection
	GlobalSection(ProjectConfigurationPlatforms) = postSolution
		{4E8E8082-1ADE-4DBA-A151-5C12C2291A02}.Debug|Any CPU.ActiveCfg = Debug|Any CPU
		{4E8E8082-1ADE-4DBA-A151-5C12C2291A02}.Debug|Any CPU.Build.0 = Debug|Any CPU
		{4E8E8082-1ADE-4DBA-A151-5C12C2291A02}.Release|Any CPU.ActiveCfg = Release|Any CPU
		{4E8E8082-1ADE-4DBA-A151-5C12C2291A02}.Release|Any CPU.Build.0 = Release|Any CPU
	EndGlobalSection
	GlobalSection(SolutionProperties) = preSolution
		HideSolutionNode = FALSE
	EndGlobalSection
	GlobalSection(ExtensibilityGlobals) = postSolution
		SolutionGuid = {F0670846-65E9-43EA-9A57-C2E09B9F5D91}
	EndGlobalSection
EndGlobal
