
Microsoft Visual Studio Solution File, Format Version 12.00
# Visual Studio Version 17
VisualStudioVersion = 17.5.33516.290
MinimumVisualStudioVersion = 10.0.40219.1
Project("{FAE04EC0-301F-11D3-BF4B-00C04F79EFBC}") = "Радиус круга", "Радиус круга\Радиус круга.csproj", "{CA5765C8-F88D-4CCB-80D0-BB54FD816011}"
EndProject
Global
	GlobalSection(SolutionConfigurationPlatforms) = preSolution
		Debug|Any CPU = Debug|Any CPU
		Release|Any CPU = Release|Any CPU
	EndGlobalSection
	GlobalSection(ProjectConfigurationPlatforms) = postSolution
		{CA5765C8-F88D-4CCB-80D0-BB54FD816011}.Debug|Any CPU.ActiveCfg = Debug|Any CPU
		{CA5765C8-F88D-4CCB-80D0-BB54FD816011}.Debug|Any CPU.Build.0 = Debug|Any CPU
		{CA5765C8-F88D-4CCB-80D0-BB54FD816011}.Release|Any CPU.ActiveCfg = Release|Any CPU
		{CA5765C8-F88D-4CCB-80D0-BB54FD816011}.Release|Any CPU.Build.0 = Release|Any CPU
	EndGlobalSection
	GlobalSection(SolutionProperties) = preSolution
		HideSolutionNode = FALSE
	EndGlobalSection
	GlobalSection(ExtensibilityGlobals) = postSolution
		SolutionGuid = {30250189-2C80-48E2-BD85-F7F4DC1BE964}
	EndGlobalSection
EndGlobal
