
Microsoft Visual Studio Solution File, Format Version 12.00
# Visual Studio Version 17
VisualStudioVersion = 17.7.34024.191
MinimumVisualStudioVersion = 10.0.40219.1
Project("{9A19103F-16F7-4668-BE54-9A1E7A4F7556}") = "лаба 3", "лаба 3.csproj", "{B68BBF63-7C12-4D9D-A67F-8700D66D1A9B}"
EndProject
Global
	GlobalSection(SolutionConfigurationPlatforms) = preSolution
		Debug|Any CPU = Debug|Any CPU
		Release|Any CPU = Release|Any CPU
	EndGlobalSection
	GlobalSection(ProjectConfigurationPlatforms) = postSolution
		{B68BBF63-7C12-4D9D-A67F-8700D66D1A9B}.Debug|Any CPU.ActiveCfg = Debug|Any CPU
		{B68BBF63-7C12-4D9D-A67F-8700D66D1A9B}.Debug|Any CPU.Build.0 = Debug|Any CPU
		{B68BBF63-7C12-4D9D-A67F-8700D66D1A9B}.Release|Any CPU.ActiveCfg = Release|Any CPU
		{B68BBF63-7C12-4D9D-A67F-8700D66D1A9B}.Release|Any CPU.Build.0 = Release|Any CPU
	EndGlobalSection
	GlobalSection(SolutionProperties) = preSolution
		HideSolutionNode = FALSE
	EndGlobalSection
	GlobalSection(ExtensibilityGlobals) = postSolution
		SolutionGuid = {89957072-57F2-4378-9041-BB17EAEF1D4A}
	EndGlobalSection
EndGlobal
